
Microsoft Visual Studio Solution File, Format Version 12.00
# Visual Studio Version 17
VisualStudioVersion = 17.4.33110.190
MinimumVisualStudioVersion = 10.0.40219.1
Project("{FAE04EC0-301F-11D3-BF4B-00C04F79EFBC}") = "Vacation", "Vacation\Vacation.csproj", "{8FFCA2FA-2DE3-4573-9181-6C0ACF0ED8DA}"
EndProject
Global
	GlobalSection(SolutionConfigurationPlatforms) = preSolution
		Debug|Any CPU = Debug|Any CPU
		Release|Any CPU = Release|Any CPU
	EndGlobalSection
	GlobalSection(ProjectConfigurationPlatforms) = postSolution
		{8FFCA2FA-2DE3-4573-9181-6C0ACF0ED8DA}.Debug|Any CPU.ActiveCfg = Debug|Any CPU
		{8FFCA2FA-2DE3-4573-9181-6C0ACF0ED8DA}.Debug|Any CPU.Build.0 = Debug|Any CPU
		{8FFCA2FA-2DE3-4573-9181-6C0ACF0ED8DA}.Release|Any CPU.ActiveCfg = Release|Any CPU
		{8FFCA2FA-2DE3-4573-9181-6C0ACF0ED8DA}.Release|Any CPU.Build.0 = Release|Any CPU
	EndGlobalSection
	GlobalSection(SolutionProperties) = preSolution
		HideSolutionNode = FALSE
	EndGlobalSection
	GlobalSection(ExtensibilityGlobals) = postSolution
		SolutionGuid = {AB72A91C-A32B-42AA-957F-AF5F1D638741}
	EndGlobalSection
EndGlobal
